
Microsoft Visual Studio Solution File, Format Version 12.00
# Visual Studio Version 17
VisualStudioVersion = 17.7.34009.444
MinimumVisualStudioVersion = 10.0.40219.1
Project("{FAE04EC0-301F-11D3-BF4B-00C04F79EFBC}") = "Directed Graphs", "Directed Graphs\Directed Graphs.csproj", "{9CC420CA-E7CD-40F5-A89E-B7E005380892}"
EndProject
Global
	GlobalSection(SolutionConfigurationPlatforms) = preSolution
		Debug|Any CPU = Debug|Any CPU
		Release|Any CPU = Release|Any CPU
	EndGlobalSection
	GlobalSection(ProjectConfigurationPlatforms) = postSolution
		{9CC420CA-E7CD-40F5-A89E-B7E005380892}.Debug|Any CPU.ActiveCfg = Debug|Any CPU
		{9CC420CA-E7CD-40F5-A89E-B7E005380892}.Debug|Any CPU.Build.0 = Debug|Any CPU
		{9CC420CA-E7CD-40F5-A89E-B7E005380892}.Release|Any CPU.ActiveCfg = Release|Any CPU
		{9CC420CA-E7CD-40F5-A89E-B7E005380892}.Release|Any CPU.Build.0 = Release|Any CPU
	EndGlobalSection
	GlobalSection(SolutionProperties) = preSolution
		HideSolutionNode = FALSE
	EndGlobalSection
	GlobalSection(ExtensibilityGlobals) = postSolution
		SolutionGuid = {4982EF55-58A0-4DC8-AE82-6B7812329758}
	EndGlobalSection
EndGlobal
